<?xml version="1.0" encoding="UTF-8" standalone="yes" ?>
<CodeBlocks_project_file>
	<FileVersion major="1" minor="6" />
	<Project>
		<Option title="t2fs" />
		<Option pch_mode="2" />
		<Option compiler="gcc" />
		<Build>
			<Target title="Debug">
				<Option output="bin/Debug/t2fs" prefix_auto="1" extension_auto="1" />
				<Option object_output="obj/Debug/" />
				<Option type="1" />
				<Option compiler="gcc" />
				<Compiler>
					<Add option="-g" />
				</Compiler>
			</Target>
			<Target title="Release">
				<Option output="bin/Release/t2fs" prefix_auto="1" extension_auto="1" />
				<Option object_output="obj/Release/" />
				<Option type="1" />
				<Option compiler="gcc" />
				<Compiler>
					<Add option="-O2" />
				</Compiler>
				<Linker>
					<Add option="-s" />
				</Linker>
			</Target>
		</Build>
		<Compiler>
			<Add option="-Wall" />
		</Compiler>
		<Unit filename="../Geometria_Disco.txt" />
		<Unit filename="../README.md" />
		<Unit filename="../include/apidisk.h" />
		<Unit filename="../src/chamador" />
		<Unit filename="../src/chamador.c">
			<Option compilerVar="CC" />
		</Unit>
		<Unit filename="../src/chamadorold.c">
			<Option compilerVar="CC" />
		</Unit>
		<Unit filename="../directory.c">
			<Option compilerVar="CC" />
		</Unit>
		<Unit filename="../lib/libapidisk.a" />
		<Unit filename="../makefile" />
		<Unit filename="../src/t2fs.c">
			<Option compilerVar="CC" />
		</Unit>
		<Unit filename="../include/t2fs.h" />
		<Unit filename="../t2fs.o" />
		<Unit filename="main.c">
			<Option compilerVar="CC" />
		</Unit>
		<Unit filename="../t2fs_disk.dat" />
		<Extensions>
			<code_completion />
			<envvars />
			<lib_finder disable_auto="1" />
			<debugger />
		</Extensions>
	</Project>
</CodeBlocks_project_file>
